
Microsoft Visual Studio Solution File, Format Version 12.00
# Visual Studio 2012
Project("{FAE04EC0-301F-11D3-BF4B-00C04F79EFBC}") = "LabPasswords", "LabPasswords\LabPasswords.csproj", "{BCA42015-44AE-4BA5-95D2-86F52784D16C}"
EndProject
Project("{6141683F-8A12-4E36-9623-2EB02B2C2303}") = "PasswordsSetup", "PasswordsSetup\PasswordsSetup.isproj", "{05AA8D16-30E6-44D3-8D41-AE872B209D2C}"
	ProjectSection(ProjectDependencies) = postProject
		{BCA42015-44AE-4BA5-95D2-86F52784D16C} = {BCA42015-44AE-4BA5-95D2-86F52784D16C}
	EndProjectSection
EndProject
Global
	GlobalSection(SolutionConfigurationPlatforms) = preSolution
		CD_ROM|Any CPU = CD_ROM|Any CPU
		Debug|Any CPU = Debug|Any CPU
		DVD-5|Any CPU = DVD-5|Any CPU
		Release|Any CPU = Release|Any CPU
		SingleImage|Any CPU = SingleImage|Any CPU
	EndGlobalSection
	GlobalSection(ProjectConfigurationPlatforms) = postSolution
		{BCA42015-44AE-4BA5-95D2-86F52784D16C}.CD_ROM|Any CPU.ActiveCfg = Release|Any CPU
		{BCA42015-44AE-4BA5-95D2-86F52784D16C}.CD_ROM|Any CPU.Build.0 = Release|Any CPU
		{BCA42015-44AE-4BA5-95D2-86F52784D16C}.Debug|Any CPU.ActiveCfg = Debug|Any CPU
		{BCA42015-44AE-4BA5-95D2-86F52784D16C}.Debug|Any CPU.Build.0 = Debug|Any CPU
		{BCA42015-44AE-4BA5-95D2-86F52784D16C}.DVD-5|Any CPU.ActiveCfg = Debug|Any CPU
		{BCA42015-44AE-4BA5-95D2-86F52784D16C}.DVD-5|Any CPU.Build.0 = Debug|Any CPU
		{BCA42015-44AE-4BA5-95D2-86F52784D16C}.Release|Any CPU.ActiveCfg = Release|Any CPU
		{BCA42015-44AE-4BA5-95D2-86F52784D16C}.Release|Any CPU.Build.0 = Release|Any CPU
		{BCA42015-44AE-4BA5-95D2-86F52784D16C}.SingleImage|Any CPU.ActiveCfg = Release|Any CPU
		{BCA42015-44AE-4BA5-95D2-86F52784D16C}.SingleImage|Any CPU.Build.0 = Release|Any CPU
		{05AA8D16-30E6-44D3-8D41-AE872B209D2C}.CD_ROM|Any CPU.ActiveCfg = CD_ROM
		{05AA8D16-30E6-44D3-8D41-AE872B209D2C}.CD_ROM|Any CPU.Build.0 = CD_ROM
		{05AA8D16-30E6-44D3-8D41-AE872B209D2C}.Debug|Any CPU.ActiveCfg = DVD-5
		{05AA8D16-30E6-44D3-8D41-AE872B209D2C}.Debug|Any CPU.Build.0 = DVD-5
		{05AA8D16-30E6-44D3-8D41-AE872B209D2C}.DVD-5|Any CPU.ActiveCfg = DVD-5
		{05AA8D16-30E6-44D3-8D41-AE872B209D2C}.DVD-5|Any CPU.Build.0 = DVD-5
		{05AA8D16-30E6-44D3-8D41-AE872B209D2C}.Release|Any CPU.ActiveCfg = SingleImage
		{05AA8D16-30E6-44D3-8D41-AE872B209D2C}.Release|Any CPU.Build.0 = SingleImage
		{05AA8D16-30E6-44D3-8D41-AE872B209D2C}.SingleImage|Any CPU.ActiveCfg = SingleImage
		{05AA8D16-30E6-44D3-8D41-AE872B209D2C}.SingleImage|Any CPU.Build.0 = SingleImage
	EndGlobalSection
	GlobalSection(SolutionProperties) = preSolution
		HideSolutionNode = FALSE
	EndGlobalSection
EndGlobal
